
Microsoft Visual Studio Solution File, Format Version 12.00
# Visual Studio Version 16
VisualStudioVersion = 16.0.30204.135
MinimumVisualStudioVersion = 10.0.40219.1
Project("{FAE04EC0-301F-11D3-BF4B-00C04F79EFBC}") = "UI", "UI\UI.csproj", "{DD7F802C-94AB-49A2-B800-9AE9AEAA44D0}"
EndProject
Project("{FAE04EC0-301F-11D3-BF4B-00C04F79EFBC}") = "Model", "Model\Model.csproj", "{96FBB3F5-86E7-421E-9BED-439FBAEF37EB}"
EndProject
Project("{FAE04EC0-301F-11D3-BF4B-00C04F79EFBC}") = "Tests", "Tests\Tests.csproj", "{96E0FD08-ED5A-4C90-8C7A-EB677CDC5B62}"
EndProject
Global
	GlobalSection(SolutionConfigurationPlatforms) = preSolution
		Debug|Any CPU = Debug|Any CPU
		Release|Any CPU = Release|Any CPU
	EndGlobalSection
	GlobalSection(ProjectConfigurationPlatforms) = postSolution
		{DD7F802C-94AB-49A2-B800-9AE9AEAA44D0}.Debug|Any CPU.ActiveCfg = Debug|Any CPU
		{DD7F802C-94AB-49A2-B800-9AE9AEAA44D0}.Debug|Any CPU.Build.0 = Debug|Any CPU
		{DD7F802C-94AB-49A2-B800-9AE9AEAA44D0}.Release|Any CPU.ActiveCfg = Release|Any CPU
		{DD7F802C-94AB-49A2-B800-9AE9AEAA44D0}.Release|Any CPU.Build.0 = Release|Any CPU
		{96FBB3F5-86E7-421E-9BED-439FBAEF37EB}.Debug|Any CPU.ActiveCfg = Debug|Any CPU
		{96FBB3F5-86E7-421E-9BED-439FBAEF37EB}.Debug|Any CPU.Build.0 = Debug|Any CPU
		{96FBB3F5-86E7-421E-9BED-439FBAEF37EB}.Release|Any CPU.ActiveCfg = Release|Any CPU
		{96FBB3F5-86E7-421E-9BED-439FBAEF37EB}.Release|Any CPU.Build.0 = Release|Any CPU
		{96E0FD08-ED5A-4C90-8C7A-EB677CDC5B62}.Debug|Any CPU.ActiveCfg = Debug|Any CPU
		{96E0FD08-ED5A-4C90-8C7A-EB677CDC5B62}.Debug|Any CPU.Build.0 = Debug|Any CPU
		{96E0FD08-ED5A-4C90-8C7A-EB677CDC5B62}.Release|Any CPU.ActiveCfg = Release|Any CPU
		{96E0FD08-ED5A-4C90-8C7A-EB677CDC5B62}.Release|Any CPU.Build.0 = Release|Any CPU
	EndGlobalSection
	GlobalSection(SolutionProperties) = preSolution
		HideSolutionNode = FALSE
	EndGlobalSection
	GlobalSection(ExtensibilityGlobals) = postSolution
		SolutionGuid = {18FDB783-AC59-4634-AB03-F839F8DDA393}
	EndGlobalSection
EndGlobal
